
Microsoft Visual Studio Solution File, Format Version 12.00
# Visual Studio 15
VisualStudioVersion = 15.0.27004.2005
MinimumVisualStudioVersion = 10.0.40219.1
Project("{FAE04EC0-301F-11D3-BF4B-00C04F79EFBC}") = "ProjectUDP", "ProjectUDP\ProjectUDP.csproj", "{9AADBD4F-5989-4259-AFC3-ED5F11ACCC93}"
EndProject
Global
	GlobalSection(SolutionConfigurationPlatforms) = preSolution
		Debug|Any CPU = Debug|Any CPU
		Release|Any CPU = Release|Any CPU
	EndGlobalSection
	GlobalSection(ProjectConfigurationPlatforms) = postSolution
		{9AADBD4F-5989-4259-AFC3-ED5F11ACCC93}.Debug|Any CPU.ActiveCfg = Debug|Any CPU
		{9AADBD4F-5989-4259-AFC3-ED5F11ACCC93}.Debug|Any CPU.Build.0 = Debug|Any CPU
		{9AADBD4F-5989-4259-AFC3-ED5F11ACCC93}.Release|Any CPU.ActiveCfg = Release|Any CPU
		{9AADBD4F-5989-4259-AFC3-ED5F11ACCC93}.Release|Any CPU.Build.0 = Release|Any CPU
	EndGlobalSection
	GlobalSection(SolutionProperties) = preSolution
		HideSolutionNode = FALSE
	EndGlobalSection
	GlobalSection(ExtensibilityGlobals) = postSolution
		SolutionGuid = {C435263F-2B3F-4CDA-9D6B-31A6E7CB0961}
	EndGlobalSection
EndGlobal
